<Solution>
  <Folder Name="/evals/">
    <Project Path="evals/InvoiceProcessor.Evals/InvoiceProcessor.Evals.csproj" />
  </Folder>
  <Folder Name="/src/">
    <Project Path="src/InvoiceProcessor.Api/InvoiceProcessor.Api.csproj" />
    <Project Path="src/InvoiceProcessor.Core/InvoiceProcessor.Core.csproj" />
    <Project Path="src/InvoiceProcessor.Infrastructure/InvoiceProcessor.Infrastructure.csproj" />
  </Folder>
  <Folder Name="/tests/">
    <Project Path="tests/InvoiceProcessor.Core.Tests/InvoiceProcessor.Core.Tests.csproj" />
    <Project Path="tests/InvoiceProcessor.Evals.Tests/InvoiceProcessor.Evals.Tests.csproj" />
    <Project Path="tests/InvoiceProcessor.Infrastructure.Tests/InvoiceProcessor.Infrastructure.Tests.csproj" />
  </Folder>
</Solution>
