<Solution>
  <Folder Name="/evals/">
    <Project Path="evals/InvoiceAi.Evals/InvoiceAi.Evals.csproj" />
  </Folder>
  <Folder Name="/src/">
    <Project Path="src/InvoiceAi.Api/InvoiceAi.Api.csproj" />
    <Project Path="src/InvoiceAi.Core/InvoiceAi.Core.csproj" />
    <Project Path="src/InvoiceAi.Infrastructure/InvoiceAi.Infrastructure.csproj" />
  </Folder>
  <Folder Name="/tests/">
    <Project Path="tests/InvoiceAi.Core.Tests/InvoiceAi.Core.Tests.csproj" />
  </Folder>
</Solution>
